
Microsoft Visual Studio Solution File, Format Version 12.00
Project("{FAE04EC0-301F-11D3-BF4B-00C04F79EFBC}") = "Calculator", "Calculator\Calculator.csproj", "{4637300D-AB9E-454F-AB13-B06123D51A30}"
EndProject
Project("{FAE04EC0-301F-11D3-BF4B-00C04F79EFBC}") = "Test", "Test\Test.csproj", "{6BEA890B-01E6-4E4A-A155-DB9094BC33E0}"
EndProject
Global
	GlobalSection(SolutionConfigurationPlatforms) = preSolution
		Debug|Any CPU = Debug|Any CPU
		Release|Any CPU = Release|Any CPU
	EndGlobalSection
	GlobalSection(ProjectConfigurationPlatforms) = postSolution
		{4637300D-AB9E-454F-AB13-B06123D51A30}.Debug|Any CPU.ActiveCfg = Debug|Any CPU
		{4637300D-AB9E-454F-AB13-B06123D51A30}.Debug|Any CPU.Build.0 = Debug|Any CPU
		{4637300D-AB9E-454F-AB13-B06123D51A30}.Release|Any CPU.ActiveCfg = Release|Any CPU
		{4637300D-AB9E-454F-AB13-B06123D51A30}.Release|Any CPU.Build.0 = Release|Any CPU
		{6BEA890B-01E6-4E4A-A155-DB9094BC33E0}.Debug|Any CPU.ActiveCfg = Debug|Any CPU
		{6BEA890B-01E6-4E4A-A155-DB9094BC33E0}.Debug|Any CPU.Build.0 = Debug|Any CPU
		{6BEA890B-01E6-4E4A-A155-DB9094BC33E0}.Release|Any CPU.ActiveCfg = Release|Any CPU
		{6BEA890B-01E6-4E4A-A155-DB9094BC33E0}.Release|Any CPU.Build.0 = Release|Any CPU
	EndGlobalSection
EndGlobal
